
Microsoft Visual Studio Solution File, Format Version 12.00
# Visual Studio Version 17
VisualStudioVersion = 17.7.34031.279
MinimumVisualStudioVersion = 10.0.40219.1
Project("{FAE04EC0-301F-11D3-BF4B-00C04F79EFBC}") = "Ejercicios1", "Ejercicios1.csproj", "{17D16138-60D3-483F-8E5B-0809D48FBAB9}"
EndProject
Global
	GlobalSection(SolutionConfigurationPlatforms) = preSolution
		Debug|Any CPU = Debug|Any CPU
		Release|Any CPU = Release|Any CPU
	EndGlobalSection
	GlobalSection(ProjectConfigurationPlatforms) = postSolution
		{17D16138-60D3-483F-8E5B-0809D48FBAB9}.Debug|Any CPU.ActiveCfg = Debug|Any CPU
		{17D16138-60D3-483F-8E5B-0809D48FBAB9}.Debug|Any CPU.Build.0 = Debug|Any CPU
		{17D16138-60D3-483F-8E5B-0809D48FBAB9}.Release|Any CPU.ActiveCfg = Release|Any CPU
		{17D16138-60D3-483F-8E5B-0809D48FBAB9}.Release|Any CPU.Build.0 = Release|Any CPU
	EndGlobalSection
	GlobalSection(SolutionProperties) = preSolution
		HideSolutionNode = FALSE
	EndGlobalSection
	GlobalSection(ExtensibilityGlobals) = postSolution
		SolutionGuid = {62BEF62C-6E06-4830-8E8B-3209AD4A75E8}
	EndGlobalSection
EndGlobal
